
Microsoft Visual Studio Solution File, Format Version 12.00
# Visual Studio 15
VisualStudioVersion = 15.0.26124.0
MinimumVisualStudioVersion = 15.0.26124.0
Project("{FAE04EC0-301F-11D3-BF4B-00C04F79EFBC}") = "TicketStore.Web", "TicketStore.Web\TicketStore.Web.csproj", "{2CAC6150-0B27-4B55-BF55-2788B176F89B}"
EndProject
Project("{FAE04EC0-301F-11D3-BF4B-00C04F79EFBC}") = "TicketStore.Api", "TicketStore.Api\TicketStore.Api.csproj", "{F736A6F1-EACE-4701-AEA0-4E069E9DC1D5}"
EndProject
Project("{FAE04EC0-301F-11D3-BF4B-00C04F79EFBC}") = "TicketStore.Api.Tests", "TicketStore.Api.Tests\TicketStore.Api.Tests.csproj", "{1BDB7ED9-DA72-473C-A495-D8CB4CA554BE}"
EndProject
Project("{FAE04EC0-301F-11D3-BF4B-00C04F79EFBC}") = "TicketStore.Data", "TicketStore.Data\TicketStore.Data.csproj", "{D04F7200-77B3-4709-A897-4D44C450FE3C}"
EndProject
Global
	GlobalSection(SolutionConfigurationPlatforms) = preSolution
		Debug|Any CPU = Debug|Any CPU
		Debug|x64 = Debug|x64
		Debug|x86 = Debug|x86
		Release|Any CPU = Release|Any CPU
		Release|x64 = Release|x64
		Release|x86 = Release|x86
	EndGlobalSection
	GlobalSection(SolutionProperties) = preSolution
		HideSolutionNode = FALSE
	EndGlobalSection
	GlobalSection(ProjectConfigurationPlatforms) = postSolution
		{2CAC6150-0B27-4B55-BF55-2788B176F89B}.Debug|Any CPU.ActiveCfg = Debug|Any CPU
		{2CAC6150-0B27-4B55-BF55-2788B176F89B}.Debug|Any CPU.Build.0 = Debug|Any CPU
		{2CAC6150-0B27-4B55-BF55-2788B176F89B}.Debug|x64.ActiveCfg = Debug|Any CPU
		{2CAC6150-0B27-4B55-BF55-2788B176F89B}.Debug|x64.Build.0 = Debug|Any CPU
		{2CAC6150-0B27-4B55-BF55-2788B176F89B}.Debug|x86.ActiveCfg = Debug|Any CPU
		{2CAC6150-0B27-4B55-BF55-2788B176F89B}.Debug|x86.Build.0 = Debug|Any CPU
		{2CAC6150-0B27-4B55-BF55-2788B176F89B}.Release|Any CPU.ActiveCfg = Release|Any CPU
		{2CAC6150-0B27-4B55-BF55-2788B176F89B}.Release|Any CPU.Build.0 = Release|Any CPU
		{2CAC6150-0B27-4B55-BF55-2788B176F89B}.Release|x64.ActiveCfg = Release|Any CPU
		{2CAC6150-0B27-4B55-BF55-2788B176F89B}.Release|x64.Build.0 = Release|Any CPU
		{2CAC6150-0B27-4B55-BF55-2788B176F89B}.Release|x86.ActiveCfg = Release|Any CPU
		{2CAC6150-0B27-4B55-BF55-2788B176F89B}.Release|x86.Build.0 = Release|Any CPU
		{F736A6F1-EACE-4701-AEA0-4E069E9DC1D5}.Debug|Any CPU.ActiveCfg = Debug|Any CPU
		{F736A6F1-EACE-4701-AEA0-4E069E9DC1D5}.Debug|Any CPU.Build.0 = Debug|Any CPU
		{F736A6F1-EACE-4701-AEA0-4E069E9DC1D5}.Debug|x64.ActiveCfg = Debug|Any CPU
		{F736A6F1-EACE-4701-AEA0-4E069E9DC1D5}.Debug|x64.Build.0 = Debug|Any CPU
		{F736A6F1-EACE-4701-AEA0-4E069E9DC1D5}.Debug|x86.ActiveCfg = Debug|Any CPU
		{F736A6F1-EACE-4701-AEA0-4E069E9DC1D5}.Debug|x86.Build.0 = Debug|Any CPU
		{F736A6F1-EACE-4701-AEA0-4E069E9DC1D5}.Release|Any CPU.ActiveCfg = Release|Any CPU
		{F736A6F1-EACE-4701-AEA0-4E069E9DC1D5}.Release|Any CPU.Build.0 = Release|Any CPU
		{F736A6F1-EACE-4701-AEA0-4E069E9DC1D5}.Release|x64.ActiveCfg = Release|Any CPU
		{F736A6F1-EACE-4701-AEA0-4E069E9DC1D5}.Release|x64.Build.0 = Release|Any CPU
		{F736A6F1-EACE-4701-AEA0-4E069E9DC1D5}.Release|x86.ActiveCfg = Release|Any CPU
		{F736A6F1-EACE-4701-AEA0-4E069E9DC1D5}.Release|x86.Build.0 = Release|Any CPU
		{1BDB7ED9-DA72-473C-A495-D8CB4CA554BE}.Debug|Any CPU.ActiveCfg = Debug|Any CPU
		{1BDB7ED9-DA72-473C-A495-D8CB4CA554BE}.Debug|Any CPU.Build.0 = Debug|Any CPU
		{1BDB7ED9-DA72-473C-A495-D8CB4CA554BE}.Debug|x64.ActiveCfg = Debug|Any CPU
		{1BDB7ED9-DA72-473C-A495-D8CB4CA554BE}.Debug|x64.Build.0 = Debug|Any CPU
		{1BDB7ED9-DA72-473C-A495-D8CB4CA554BE}.Debug|x86.ActiveCfg = Debug|Any CPU
		{1BDB7ED9-DA72-473C-A495-D8CB4CA554BE}.Debug|x86.Build.0 = Debug|Any CPU
		{1BDB7ED9-DA72-473C-A495-D8CB4CA554BE}.Release|Any CPU.ActiveCfg = Release|Any CPU
		{1BDB7ED9-DA72-473C-A495-D8CB4CA554BE}.Release|Any CPU.Build.0 = Release|Any CPU
		{1BDB7ED9-DA72-473C-A495-D8CB4CA554BE}.Release|x64.ActiveCfg = Release|Any CPU
		{1BDB7ED9-DA72-473C-A495-D8CB4CA554BE}.Release|x64.Build.0 = Release|Any CPU
		{1BDB7ED9-DA72-473C-A495-D8CB4CA554BE}.Release|x86.ActiveCfg = Release|Any CPU
		{1BDB7ED9-DA72-473C-A495-D8CB4CA554BE}.Release|x86.Build.0 = Release|Any CPU
		{D04F7200-77B3-4709-A897-4D44C450FE3C}.Debug|Any CPU.ActiveCfg = Debug|Any CPU
		{D04F7200-77B3-4709-A897-4D44C450FE3C}.Debug|Any CPU.Build.0 = Debug|Any CPU
		{D04F7200-77B3-4709-A897-4D44C450FE3C}.Debug|x64.ActiveCfg = Debug|Any CPU
		{D04F7200-77B3-4709-A897-4D44C450FE3C}.Debug|x64.Build.0 = Debug|Any CPU
		{D04F7200-77B3-4709-A897-4D44C450FE3C}.Debug|x86.ActiveCfg = Debug|Any CPU
		{D04F7200-77B3-4709-A897-4D44C450FE3C}.Debug|x86.Build.0 = Debug|Any CPU
		{D04F7200-77B3-4709-A897-4D44C450FE3C}.Release|Any CPU.ActiveCfg = Release|Any CPU
		{D04F7200-77B3-4709-A897-4D44C450FE3C}.Release|Any CPU.Build.0 = Release|Any CPU
		{D04F7200-77B3-4709-A897-4D44C450FE3C}.Release|x64.ActiveCfg = Release|Any CPU
		{D04F7200-77B3-4709-A897-4D44C450FE3C}.Release|x64.Build.0 = Release|Any CPU
		{D04F7200-77B3-4709-A897-4D44C450FE3C}.Release|x86.ActiveCfg = Release|Any CPU
		{D04F7200-77B3-4709-A897-4D44C450FE3C}.Release|x86.Build.0 = Release|Any CPU
	EndGlobalSection
EndGlobal
