
Microsoft Visual Studio Solution File, Format Version 12.00
# Visual Studio 15
VisualStudioVersion = 15.0.26124.0
MinimumVisualStudioVersion = 15.0.26124.0
Project("{FAE04EC0-301F-11D3-BF4B-00C04F79EFBC}") = "TicketStore.Data", "TicketStore.Data\TicketStore.Data.csproj", "{A4228443-A4F2-42C8-B91C-89407D8ADF1E}"
EndProject
Project("{FAE04EC0-301F-11D3-BF4B-00C04F79EFBC}") = "TicketStore.Api", "TicketStore.Api\TicketStore.Api.csproj", "{118696D3-D8E3-4D8E-A206-893C6D7B2358}"
EndProject
Project("{FAE04EC0-301F-11D3-BF4B-00C04F79EFBC}") = "TicketStore.Web", "TicketStore.Web\TicketStore.Web.csproj", "{E03D9C8C-938B-48E6-8EFC-3B149223DA49}"
EndProject
Project("{FAE04EC0-301F-11D3-BF4B-00C04F79EFBC}") = "TicketStore.Api.Tests.Unit", "TicketStore.Api.Tests.Unit\TicketStore.Api.Tests.Unit.csproj", "{118A8D63-4C65-47DC-8E26-28BAA71F7F03}"
EndProject
Project("{FAE04EC0-301F-11D3-BF4B-00C04F79EFBC}") = "TicketStore.Web.Tests.Unit", "TicketStore.Web.Tests.Unit\TicketStore.Web.Tests.Unit.csproj", "{AEC2B276-A566-4484-94CE-A9F8854BCDB7}"
EndProject
Global
	GlobalSection(SolutionConfigurationPlatforms) = preSolution
		Debug|Any CPU = Debug|Any CPU
		Debug|x64 = Debug|x64
		Debug|x86 = Debug|x86
		Release|Any CPU = Release|Any CPU
		Release|x64 = Release|x64
		Release|x86 = Release|x86
	EndGlobalSection
	GlobalSection(SolutionProperties) = preSolution
		HideSolutionNode = FALSE
	EndGlobalSection
	GlobalSection(ProjectConfigurationPlatforms) = postSolution
		{A4228443-A4F2-42C8-B91C-89407D8ADF1E}.Debug|Any CPU.ActiveCfg = Debug|Any CPU
		{A4228443-A4F2-42C8-B91C-89407D8ADF1E}.Debug|Any CPU.Build.0 = Debug|Any CPU
		{A4228443-A4F2-42C8-B91C-89407D8ADF1E}.Debug|x64.ActiveCfg = Debug|Any CPU
		{A4228443-A4F2-42C8-B91C-89407D8ADF1E}.Debug|x64.Build.0 = Debug|Any CPU
		{A4228443-A4F2-42C8-B91C-89407D8ADF1E}.Debug|x86.ActiveCfg = Debug|Any CPU
		{A4228443-A4F2-42C8-B91C-89407D8ADF1E}.Debug|x86.Build.0 = Debug|Any CPU
		{A4228443-A4F2-42C8-B91C-89407D8ADF1E}.Release|Any CPU.ActiveCfg = Release|Any CPU
		{A4228443-A4F2-42C8-B91C-89407D8ADF1E}.Release|Any CPU.Build.0 = Release|Any CPU
		{A4228443-A4F2-42C8-B91C-89407D8ADF1E}.Release|x64.ActiveCfg = Release|Any CPU
		{A4228443-A4F2-42C8-B91C-89407D8ADF1E}.Release|x64.Build.0 = Release|Any CPU
		{A4228443-A4F2-42C8-B91C-89407D8ADF1E}.Release|x86.ActiveCfg = Release|Any CPU
		{A4228443-A4F2-42C8-B91C-89407D8ADF1E}.Release|x86.Build.0 = Release|Any CPU
		{118696D3-D8E3-4D8E-A206-893C6D7B2358}.Debug|Any CPU.ActiveCfg = Debug|Any CPU
		{118696D3-D8E3-4D8E-A206-893C6D7B2358}.Debug|Any CPU.Build.0 = Debug|Any CPU
		{118696D3-D8E3-4D8E-A206-893C6D7B2358}.Debug|x64.ActiveCfg = Debug|Any CPU
		{118696D3-D8E3-4D8E-A206-893C6D7B2358}.Debug|x64.Build.0 = Debug|Any CPU
		{118696D3-D8E3-4D8E-A206-893C6D7B2358}.Debug|x86.ActiveCfg = Debug|Any CPU
		{118696D3-D8E3-4D8E-A206-893C6D7B2358}.Debug|x86.Build.0 = Debug|Any CPU
		{118696D3-D8E3-4D8E-A206-893C6D7B2358}.Release|Any CPU.ActiveCfg = Release|Any CPU
		{118696D3-D8E3-4D8E-A206-893C6D7B2358}.Release|Any CPU.Build.0 = Release|Any CPU
		{118696D3-D8E3-4D8E-A206-893C6D7B2358}.Release|x64.ActiveCfg = Release|Any CPU
		{118696D3-D8E3-4D8E-A206-893C6D7B2358}.Release|x64.Build.0 = Release|Any CPU
		{118696D3-D8E3-4D8E-A206-893C6D7B2358}.Release|x86.ActiveCfg = Release|Any CPU
		{118696D3-D8E3-4D8E-A206-893C6D7B2358}.Release|x86.Build.0 = Release|Any CPU
		{E03D9C8C-938B-48E6-8EFC-3B149223DA49}.Debug|Any CPU.ActiveCfg = Debug|Any CPU
		{E03D9C8C-938B-48E6-8EFC-3B149223DA49}.Debug|Any CPU.Build.0 = Debug|Any CPU
		{E03D9C8C-938B-48E6-8EFC-3B149223DA49}.Debug|x64.ActiveCfg = Debug|Any CPU
		{E03D9C8C-938B-48E6-8EFC-3B149223DA49}.Debug|x64.Build.0 = Debug|Any CPU
		{E03D9C8C-938B-48E6-8EFC-3B149223DA49}.Debug|x86.ActiveCfg = Debug|Any CPU
		{E03D9C8C-938B-48E6-8EFC-3B149223DA49}.Debug|x86.Build.0 = Debug|Any CPU
		{E03D9C8C-938B-48E6-8EFC-3B149223DA49}.Release|Any CPU.ActiveCfg = Release|Any CPU
		{E03D9C8C-938B-48E6-8EFC-3B149223DA49}.Release|Any CPU.Build.0 = Release|Any CPU
		{E03D9C8C-938B-48E6-8EFC-3B149223DA49}.Release|x64.ActiveCfg = Release|Any CPU
		{E03D9C8C-938B-48E6-8EFC-3B149223DA49}.Release|x64.Build.0 = Release|Any CPU
		{E03D9C8C-938B-48E6-8EFC-3B149223DA49}.Release|x86.ActiveCfg = Release|Any CPU
		{E03D9C8C-938B-48E6-8EFC-3B149223DA49}.Release|x86.Build.0 = Release|Any CPU
		{118A8D63-4C65-47DC-8E26-28BAA71F7F03}.Debug|Any CPU.ActiveCfg = Debug|Any CPU
		{118A8D63-4C65-47DC-8E26-28BAA71F7F03}.Debug|Any CPU.Build.0 = Debug|Any CPU
		{118A8D63-4C65-47DC-8E26-28BAA71F7F03}.Debug|x64.ActiveCfg = Debug|Any CPU
		{118A8D63-4C65-47DC-8E26-28BAA71F7F03}.Debug|x64.Build.0 = Debug|Any CPU
		{118A8D63-4C65-47DC-8E26-28BAA71F7F03}.Debug|x86.ActiveCfg = Debug|Any CPU
		{118A8D63-4C65-47DC-8E26-28BAA71F7F03}.Debug|x86.Build.0 = Debug|Any CPU
		{118A8D63-4C65-47DC-8E26-28BAA71F7F03}.Release|Any CPU.ActiveCfg = Release|Any CPU
		{118A8D63-4C65-47DC-8E26-28BAA71F7F03}.Release|Any CPU.Build.0 = Release|Any CPU
		{118A8D63-4C65-47DC-8E26-28BAA71F7F03}.Release|x64.ActiveCfg = Release|Any CPU
		{118A8D63-4C65-47DC-8E26-28BAA71F7F03}.Release|x64.Build.0 = Release|Any CPU
		{118A8D63-4C65-47DC-8E26-28BAA71F7F03}.Release|x86.ActiveCfg = Release|Any CPU
		{118A8D63-4C65-47DC-8E26-28BAA71F7F03}.Release|x86.Build.0 = Release|Any CPU
		{AEC2B276-A566-4484-94CE-A9F8854BCDB7}.Debug|Any CPU.ActiveCfg = Debug|Any CPU
		{AEC2B276-A566-4484-94CE-A9F8854BCDB7}.Debug|Any CPU.Build.0 = Debug|Any CPU
		{AEC2B276-A566-4484-94CE-A9F8854BCDB7}.Debug|x64.ActiveCfg = Debug|Any CPU
		{AEC2B276-A566-4484-94CE-A9F8854BCDB7}.Debug|x64.Build.0 = Debug|Any CPU
		{AEC2B276-A566-4484-94CE-A9F8854BCDB7}.Debug|x86.ActiveCfg = Debug|Any CPU
		{AEC2B276-A566-4484-94CE-A9F8854BCDB7}.Debug|x86.Build.0 = Debug|Any CPU
		{AEC2B276-A566-4484-94CE-A9F8854BCDB7}.Release|Any CPU.ActiveCfg = Release|Any CPU
		{AEC2B276-A566-4484-94CE-A9F8854BCDB7}.Release|Any CPU.Build.0 = Release|Any CPU
		{AEC2B276-A566-4484-94CE-A9F8854BCDB7}.Release|x64.ActiveCfg = Release|Any CPU
		{AEC2B276-A566-4484-94CE-A9F8854BCDB7}.Release|x64.Build.0 = Release|Any CPU
		{AEC2B276-A566-4484-94CE-A9F8854BCDB7}.Release|x86.ActiveCfg = Release|Any CPU
		{AEC2B276-A566-4484-94CE-A9F8854BCDB7}.Release|x86.Build.0 = Release|Any CPU
	EndGlobalSection
EndGlobal
