
Microsoft Visual Studio Solution File, Format Version 12.00
Project("{FAE04EC0-301F-11D3-BF4B-00C04F79EFBC}") = "TicketStore.Data", "TicketStore.Data\TicketStore.Data.csproj", "{FD4F0BD8-DB04-4A5C-92DE-8E9D6A2889F1}"
EndProject
Project("{FAE04EC0-301F-11D3-BF4B-00C04F79EFBC}") = "TicketStore.Data.Tests.Unit", "TicketStore.Data.Tests.Unit\TicketStore.Data.Tests.Unit.csproj", "{0072F2BA-12B9-4440-AD82-8D781618EF2C}"
EndProject
Project("{FAE04EC0-301F-11D3-BF4B-00C04F79EFBC}") = "TicketStore.Api", "TicketStore.Api\TicketStore.Api.csproj", "{52CCF7B0-A9BF-4B37-B441-6A7BE015A0A9}"
EndProject
Project("{FAE04EC0-301F-11D3-BF4B-00C04F79EFBC}") = "TicketStore.Api.Tests.Unit", "TicketStore.Api.Tests.Unit\TicketStore.Api.Tests.Unit.csproj", "{90FEC4CB-3AC3-49AA-8529-E4B410B3A240}"
EndProject
Project("{FAE04EC0-301F-11D3-BF4B-00C04F79EFBC}") = "TicketStore.Api.Tests", "TicketStore.Api.Tests\TicketStore.Api.Tests.csproj", "{C9AF4DE1-0333-4897-A68D-AC5CD219882D}"
EndProject
Project("{FAE04EC0-301F-11D3-BF4B-00C04F79EFBC}") = "TicketStore.Web", "TicketStore.Web\TicketStore.Web.csproj", "{93E2CD35-6112-4060-AE98-D38CCD6589B9}"
EndProject
Project("{FAE04EC0-301F-11D3-BF4B-00C04F79EFBC}") = "TicketStore.Web.Tests.Unit", "TicketStore.Web.Tests.Unit\TicketStore.Web.Tests.Unit.csproj", "{B918C0C3-CEA2-4D8B-B6CA-B22365CB818B}"
EndProject
Global
	GlobalSection(SolutionConfigurationPlatforms) = preSolution
		Debug|Any CPU = Debug|Any CPU
		Release|Any CPU = Release|Any CPU
	EndGlobalSection
	GlobalSection(ProjectConfigurationPlatforms) = postSolution
		{FD4F0BD8-DB04-4A5C-92DE-8E9D6A2889F1}.Debug|Any CPU.ActiveCfg = Debug|Any CPU
		{FD4F0BD8-DB04-4A5C-92DE-8E9D6A2889F1}.Debug|Any CPU.Build.0 = Debug|Any CPU
		{FD4F0BD8-DB04-4A5C-92DE-8E9D6A2889F1}.Release|Any CPU.ActiveCfg = Release|Any CPU
		{FD4F0BD8-DB04-4A5C-92DE-8E9D6A2889F1}.Release|Any CPU.Build.0 = Release|Any CPU
		{0072F2BA-12B9-4440-AD82-8D781618EF2C}.Debug|Any CPU.ActiveCfg = Debug|Any CPU
		{0072F2BA-12B9-4440-AD82-8D781618EF2C}.Debug|Any CPU.Build.0 = Debug|Any CPU
		{0072F2BA-12B9-4440-AD82-8D781618EF2C}.Release|Any CPU.ActiveCfg = Release|Any CPU
		{0072F2BA-12B9-4440-AD82-8D781618EF2C}.Release|Any CPU.Build.0 = Release|Any CPU
		{52CCF7B0-A9BF-4B37-B441-6A7BE015A0A9}.Debug|Any CPU.ActiveCfg = Debug|Any CPU
		{52CCF7B0-A9BF-4B37-B441-6A7BE015A0A9}.Debug|Any CPU.Build.0 = Debug|Any CPU
		{52CCF7B0-A9BF-4B37-B441-6A7BE015A0A9}.Release|Any CPU.ActiveCfg = Release|Any CPU
		{52CCF7B0-A9BF-4B37-B441-6A7BE015A0A9}.Release|Any CPU.Build.0 = Release|Any CPU
		{90FEC4CB-3AC3-49AA-8529-E4B410B3A240}.Debug|Any CPU.ActiveCfg = Debug|Any CPU
		{90FEC4CB-3AC3-49AA-8529-E4B410B3A240}.Debug|Any CPU.Build.0 = Debug|Any CPU
		{90FEC4CB-3AC3-49AA-8529-E4B410B3A240}.Release|Any CPU.ActiveCfg = Release|Any CPU
		{90FEC4CB-3AC3-49AA-8529-E4B410B3A240}.Release|Any CPU.Build.0 = Release|Any CPU
		{C9AF4DE1-0333-4897-A68D-AC5CD219882D}.Debug|Any CPU.ActiveCfg = Debug|Any CPU
		{C9AF4DE1-0333-4897-A68D-AC5CD219882D}.Debug|Any CPU.Build.0 = Debug|Any CPU
		{C9AF4DE1-0333-4897-A68D-AC5CD219882D}.Release|Any CPU.ActiveCfg = Release|Any CPU
		{C9AF4DE1-0333-4897-A68D-AC5CD219882D}.Release|Any CPU.Build.0 = Release|Any CPU
		{93E2CD35-6112-4060-AE98-D38CCD6589B9}.Debug|Any CPU.ActiveCfg = Debug|Any CPU
		{93E2CD35-6112-4060-AE98-D38CCD6589B9}.Debug|Any CPU.Build.0 = Debug|Any CPU
		{93E2CD35-6112-4060-AE98-D38CCD6589B9}.Release|Any CPU.ActiveCfg = Release|Any CPU
		{93E2CD35-6112-4060-AE98-D38CCD6589B9}.Release|Any CPU.Build.0 = Release|Any CPU
		{B918C0C3-CEA2-4D8B-B6CA-B22365CB818B}.Debug|Any CPU.ActiveCfg = Debug|Any CPU
		{B918C0C3-CEA2-4D8B-B6CA-B22365CB818B}.Debug|Any CPU.Build.0 = Debug|Any CPU
		{B918C0C3-CEA2-4D8B-B6CA-B22365CB818B}.Release|Any CPU.ActiveCfg = Release|Any CPU
		{B918C0C3-CEA2-4D8B-B6CA-B22365CB818B}.Release|Any CPU.Build.0 = Release|Any CPU
	EndGlobalSection
EndGlobal
